{
  "originHash" : "126333d246af66554a405c7a6af8dbd8704b1d6ddbcf99a8643e76ec79a02457",
  "pins" : [
    {
      "identity" : "alamofire",
      "kind" : "remoteSourceControl",
      "location" : "https://github.com/Alamofire/Alamofire",
      "state" : {
        "revision" : "f455c2975872ccd2d9c81594c658af65716e9b9a",
        "version" : "5.9.1"
      }
    },
    {
      "identity" : "swiftutils",
      "kind" : "remoteSourceControl",
      "location" : "https://github.com/zhihaofans/SwiftUtils",
      "state" : {
        "revision" : "642041680323c1ceb362d3f77b4d7c5752983fee",
        "version" : "0.0.12-c"
      }
    }
  ],
  "version" : 3
}
